// !$*UTF8*$!
{
	archiveVersion = 1;
	classes = {
	};
	objectVersion = 55;
	objects = {

/* Begin PBXBuildFile section */
		63304C1627CCB8E4003E4920 /* AppDelegate.swift in Sources */ = {isa = PBXBuildFile; fileRef = 63304C1527CCB8E4003E4920 /* AppDelegate.swift */; };
		63304C1827CCB8E4003E4920 /* SceneDelegate.swift in Sources */ = {isa = PBXBuildFile; fileRef = 63304C1727CCB8E4003E4920 /* SceneDelegate.swift */; };
		63304C1A27CCB8E4003E4920 /* ViewController.swift in Sources */ = {isa = PBXBuildFile; fileRef = 63304C1927CCB8E4003E4920 /* ViewController.swift */; };
		63304C1D27CCB8E4003E4920 /* Main.storyboard in Resources */ = {isa = PBXBuildFile; fileRef = 63304C1B27CCB8E4003E4920 /* Main.storyboard */; };
		63304C1F27CCB8E4003E4920 /* Assets.xcassets in Resources */ = {isa = PBXBuildFile; fileRef = 63304C1E27CCB8E4003E4920 /* Assets.xcassets */; };
		63304C2227CCB8E4003E4920 /* LaunchScreen.storyboard in Resources */ = {isa = PBXBuildFile; fileRef = 63304C2027CCB8E4003E4920 /* LaunchScreen.storyboard */; };
		63304C2A27CCB954003E4920 /* BluetoothManager.swift in Sources */ = {isa = PBXBuildFile; fileRef = 63304C2927CCB954003E4920 /* BluetoothManager.swift */; };
		63304C2C27CCCC0C003E4920 /* DeviceTableViewCell.swift in Sources */ = {isa = PBXBuildFile; fileRef = 63304C2B27CCCC0C003E4920 /* DeviceTableViewCell.swift */; };
/* End PBXBuildFile section */

/* Begin PBXFileReference section */
		63304C1227CCB8E4003E4920 /* BLEDevice.app */ = {isa = PBXFileReference; explicitFileType = wrapper.application; includeInIndex = 0; path = BLEDevice.app; sourceTree = BUILT_PRODUCTS_DIR; };
		63304C1527CCB8E4003E4920 /* AppDelegate.swift */ = {isa = PBXFileReference; lastKnownFileType = sourcecode.swift; path = AppDelegate.swift; sourceTree = "<group>"; };
		63304C1727CCB8E4003E4920 /* SceneDelegate.swift */ = {isa = PBXFileReference; lastKnownFileType = sourcecode.swift; path = SceneDelegate.swift; sourceTree = "<group>"; };
		63304C1927CCB8E4003E4920 /* ViewController.swift */ = {isa = PBXFileReference; lastKnownFileType = sourcecode.swift; path = ViewController.swift; sourceTree = "<group>"; };
		63304C1C27CCB8E4003E4920 /* Base */ = {isa = PBXFileReference; lastKnownFileType = file.storyboard; name = Base; path = Base.lproj/Main.storyboard; sourceTree = "<group>"; };
		63304C1E27CCB8E4003E4920 /* Assets.xcassets */ = {isa = PBXFileReference; lastKnownFileType = folder.assetcatalog; path = Assets.xcassets; sourceTree = "<group>"; };
		63304C2127CCB8E4003E4920 /* Base */ = {isa = PBXFileReference; lastKnownFileType = file.storyboard; name = Base; path = Base.lproj/LaunchScreen.storyboard; sourceTree = "<group>"; };
		63304C2327CCB8E4003E4920 /* Info.plist */ = {isa = PBXFileReference; lastKnownFileType = text.plist.xml; path = Info.plist; sourceTree = "<group>"; };
		63304C2927CCB954003E4920 /* BluetoothManager.swift */ = {isa = PBXFileReference; lastKnownFileType = sourcecode.swift; path = BluetoothManager.swift; sourceTree = "<group>"; };
		63304C2B27CCCC0C003E4920 /* DeviceTableViewCell.swift */ = {isa = PBXFileReference; lastKnownFileType = sourcecode.swift; path = DeviceTableViewCell.swift; sourceTree = "<group>"; };
/* End PBXFileReference section */

/* Begin PBXFrameworksBuildPhase section */
		63304C0F27CCB8E4003E4920 /* Frameworks */ = {
			isa = PBXFrameworksBuildPhase;
			buildActionMask = 2147483647;
			files = (
			);
			runOnlyForDeploymentPostprocessing = 0;
		};
/* End PBXFrameworksBuildPhase section */

/* Begin PBXGroup section */
		63304C0927CCB8E4003E4920 = {
			isa = PBXGroup;
			children = (
				63304C1427CCB8E4003E4920 /* BLEDevice */,
				63304C1327CCB8E4003E4920 /* Products */,
			);
			sourceTree = "<group>";
		};
		63304C1327CCB8E4003E4920 /* Products */ = {
			isa = PBXGroup;
			children = (
				63304C1227CCB8E4003E4920 /* BLEDevice.app */,
			);
			name = Products;
			sourceTree = "<group>";
		};
		63304C1427CCB8E4003E4920 /* BLEDevice */ = {
			isa = PBXGroup;
			children = (
				63304C1527CCB8E4003E4920 /* AppDelegate.swift */,
				63304C1727CCB8E4003E4920 /* SceneDelegate.swift */,
				63304C2B27CCCC0C003E4920 /* DeviceTableViewCell.swift */,
				63304C2927CCB954003E4920 /* BluetoothManager.swift */,
				63304C1927CCB8E4003E4920 /* ViewController.swift */,
				63304C1B27CCB8E4003E4920 /* Main.storyboard */,
				63304C1E27CCB8E4003E4920 /* Assets.xcassets */,
				63304C2027CCB8E4003E4920 /* LaunchScreen.storyboard */,
				63304C2327CCB8E4003E4920 /* Info.plist */,
			);
			path = BLEDevice;
			sourceTree = "<group>";
		};
/* End PBXGroup section */

/* Begin PBXNativeTarget section */
		63304C1127CCB8E4003E4920 /* BLEDevice */ = {
			isa = PBXNativeTarget;
			buildConfigurationList = 63304C2627CCB8E4003E4920 /* Build configuration list for PBXNativeTarget "BLEDevice" */;
			buildPhases = (
				63304C0E27CCB8E4003E4920 /* Sources */,
				63304C0F27CCB8E4003E4920 /* Frameworks */,
				63304C1027CCB8E4003E4920 /* Resources */,
			);
			buildRules = (
			);
			dependencies = (
			);
			name = BLEDevice;
			productName = BLEDevice;
			productReference = 63304C1227CCB8E4003E4920 /* BLEDevice.app */;
			productType = "com.apple.product-type.application";
		};
/* End PBXNativeTarget section */

/* Begin PBXProject section */
		63304C0A27CCB8E4003E4920 /* Project object */ = {
			isa = PBXProject;
			attributes = {
				BuildIndependentTargetsInParallel = 1;
				LastSwiftUpdateCheck = 1320;
				LastUpgradeCheck = 1320;
				TargetAttributes = {
					63304C1127CCB8E4003E4920 = {
						CreatedOnToolsVersion = 13.2.1;
					};
				};
			};
			buildConfigurationList = 63304C0D27CCB8E4003E4920 /* Build configuration list for PBXProject "BLEDevice" */;
			compatibilityVersion = "Xcode 13.0";
			developmentRegion = en;
			hasScannedForEncodings = 0;
			knownRegions = (
				en,
				Base,
			);
			mainGroup = 63304C0927CCB8E4003E4920;
			productRefGroup = 63304C1327CCB8E4003E4920 /* Products */;
			projectDirPath = "";
			projectRoot = "";
			targets = (
				63304C1127CCB8E4003E4920 /* BLEDevice */,
			);
		};
/* End PBXProject section */

/* Begin PBXResourcesBuildPhase section */
		63304C1027CCB8E4003E4920 /* Resources */ = {
			isa = PBXResourcesBuildPhase;
			buildActionMask = 2147483647;
			files = (
				63304C2227CCB8E4003E4920 /* LaunchScreen.storyboard in Resources */,
				63304C1F27CCB8E4003E4920 /* Assets.xcassets in Resources */,
				63304C1D27CCB8E4003E4920 /* Main.storyboard in Resources */,
			);
			runOnlyForDeploymentPostprocessing = 0;
		};
/* End PBXResourcesBuildPhase section */

/* Begin PBXSourcesBuildPhase section */
		63304C0E27CCB8E4003E4920 /* Sources */ = {
			isa = PBXSourcesBuildPhase;
			buildActionMask = 2147483647;
			files = (
				63304C2C27CCCC0C003E4920 /* DeviceTableViewCell.swift in Sources */,
				63304C1A27CCB8E4003E4920 /* ViewController.swift in Sources */,
				63304C1627CCB8E4003E4920 /* AppDelegate.swift in Sources */,
				63304C2A27CCB954003E4920 /* BluetoothManager.swift in Sources */,
				63304C1827CCB8E4003E4920 /* SceneDelegate.swift in Sources */,
			);
			runOnlyForDeploymentPostprocessing = 0;
		};
/* End PBXSourcesBuildPhase section */

/* Begin PBXVariantGroup section */
		63304C1B27CCB8E4003E4920 /* Main.storyboard */ = {
			isa = PBXVariantGroup;
			children = (
				63304C1C27CCB8E4003E4920 /* Base */,
			);
			name = Main.storyboard;
			sourceTree = "<group>";
		};
		63304C2027CCB8E4003E4920 /* LaunchScreen.storyboard */ = {
			isa = PBXVariantGroup;
			children = (
				63304C2127CCB8E4003E4920 /* Base */,
			);
			name = LaunchScreen.storyboard;
			sourceTree = "<group>";
		};
/* End PBXVariantGroup section */

/* Begin XCBuildConfiguration section */
		63304C2427CCB8E4003E4920 /* Debug */ = {
			isa = XCBuildConfiguration;
			buildSettings = {
				ALWAYS_SEARCH_USER_PATHS = NO;
				CLANG_ANALYZER_NONNULL = YES;
				CLANG_ANALYZER_NUMBER_OBJECT_CONVERSION = YES_AGGRESSIVE;
				CLANG_CXX_LANGUAGE_STANDARD = "gnu++17";
				CLANG_CXX_LIBRARY = "libc++";
				CLANG_ENABLE_MODULES = YES;
				CLANG_ENABLE_OBJC_ARC = YES;
				CLANG_ENABLE_OBJC_WEAK = YES;
				CLANG_WARN_BLOCK_CAPTURE_AUTORELEASING = YES;
				CLANG_WARN_BOOL_CONVERSION = YES;
				CLANG_WARN_COMMA = YES;
				CLANG_WARN_CONSTANT_CONVERSION = YES;
				CLANG_WARN_DEPRECATED_OBJC_IMPLEMENTATIONS = YES;
				CLANG_WARN_DIRECT_OBJC_ISA_USAGE = YES_ERROR;
				CLANG_WARN_DOCUMENTATION_COMMENTS = YES;
				CLANG_WARN_EMPTY_BODY = YES;
				CLANG_WARN_ENUM_CONVERSION = YES;
				CLANG_WARN_INFINITE_RECURSION = YES;
				CLANG_WARN_INT_CONVERSION = YES;
				CLANG_WARN_NON_LITERAL_NULL_CONVERSION = YES;
				CLANG_WARN_OBJC_IMPLICIT_RETAIN_SELF = YES;
				CLANG_WARN_OBJC_LITERAL_CONVERSION = YES;
				CLANG_WARN_OBJC_ROOT_CLASS = YES_ERROR;
				CLANG_WARN_QUOTED_INCLUDE_IN_FRAMEWORK_HEADER = YES;
				CLANG_WARN_RANGE_LOOP_ANALYSIS = YES;
				CLANG_WARN_STRICT_PROTOTYPES = YES;
				CLANG_WARN_SUSPICIOUS_MOVE = YES;
				CLANG_WARN_UNGUARDED_AVAILABILITY = YES_AGGRESSIVE;
				CLANG_WARN_UNREACHABLE_CODE = YES;
				CLANG_WARN__DUPLICATE_METHOD_MATCH = YES;
				COPY_PHASE_STRIP = NO;
				DEBUG_INFORMATION_FORMAT = dwarf;
				ENABLE_STRICT_OBJC_MSGSEND = YES;
				ENABLE_TESTABILITY = YES;
				GCC_C_LANGUAGE_STANDARD = gnu11;
				GCC_DYNAMIC_NO_PIC = NO;
				GCC_NO_COMMON_BLOCKS = YES;
				GCC_OPTIMIZATION_LEVEL = 0;
				GCC_PREPROCESSOR_DEFINITIONS = (
					"DEBUG=1",
					"$(inherited)",
				);
				GCC_WARN_64_TO_32_BIT_CONVERSION = YES;
				GCC_WARN_ABOUT_RETURN_TYPE = YES_ERROR;
				GCC_WARN_UNDECLARED_SELECTOR = YES;
				GCC_WARN_UNINITIALIZED_AUTOS = YES_AGGRESSIVE;
				GCC_WARN_UNUSED_FUNCTION = YES;
				GCC_WARN_UNUSED_VARIABLE = YES;
				IPHONEOS_DEPLOYMENT_TARGET = 15.2;
				MTL_ENABLE_DEBUG_INFO = INCLUDE_SOURCE;
				MTL_FAST_MATH = YES;
				ONLY_ACTIVE_ARCH = YES;
				SDKROOT = iphoneos;
				SWIFT_ACTIVE_COMPILATION_CONDITIONS = DEBUG;
				SWIFT_OPTIMIZATION_LEVEL = "-Onone";
			};
			name = Debug;
		};
		63304C2527CCB8E4003E4920 /* Release */ = {
			isa = XCBuildConfiguration;
			buildSettings = {
				ALWAYS_SEARCH_USER_PATHS = NO;
				CLANG_ANALYZER_NONNULL = YES;
				CLANG_ANALYZER_NUMBER_OBJECT_CONVERSION = YES_AGGRESSIVE;
				CLANG_CXX_LANGUAGE_STANDARD = "gnu++17";
				CLANG_CXX_LIBRARY = "libc++";
				CLANG_ENABLE_MODULES = YES;
				CLANG_ENABLE_OBJC_ARC = YES;
				CLANG_ENABLE_OBJC_WEAK = YES;
				CLANG_WARN_BLOCK_CAPTURE_AUTORELEASING = YES;
				CLANG_WARN_BOOL_CONVERSION = YES;
				CLANG_WARN_COMMA = YES;
				CLANG_WARN_CONSTANT_CONVERSION = YES;
				CLANG_WARN_DEPRECATED_OBJC_IMPLEMENTATIONS = YES;
				CLANG_WARN_DIRECT_OBJC_ISA_USAGE = YES_ERROR;
				CLANG_WARN_DOCUMENTATION_COMMENTS = YES;
				CLANG_WARN_EMPTY_BODY = YES;
				CLANG_WARN_ENUM_CONVERSION = YES;
				CLANG_WARN_INFINITE_RECURSION = YES;
				CLANG_WARN_INT_CONVERSION = YES;
				CLANG_WARN_NON_LITERAL_NULL_CONVERSION = YES;
				CLANG_WARN_OBJC_IMPLICIT_RETAIN_SELF = YES;
				CLANG_WARN_OBJC_LITERAL_CONVERSION = YES;
				CLANG_WARN_OBJC_ROOT_CLASS = YES_ERROR;
				CLANG_WARN_QUOTED_INCLUDE_IN_FRAMEWORK_HEADER = YES;
				CLANG_WARN_RANGE_LOOP_ANALYSIS = YES;
				CLANG_WARN_STRICT_PROTOTYPES = YES;
				CLANG_WARN_SUSPICIOUS_MOVE = YES;
				CLANG_WARN_UNGUARDED_AVAILABILITY = YES_AGGRESSIVE;
				CLANG_WARN_UNREACHABLE_CODE = YES;
				CLANG_WARN__DUPLICATE_METHOD_MATCH = YES;
				COPY_PHASE_STRIP = NO;
				DEBUG_INFORMATION_FORMAT = "dwarf-with-dsym";
				ENABLE_NS_ASSERTIONS = NO;
				ENABLE_STRICT_OBJC_MSGSEND = YES;
				GCC_C_LANGUAGE_STANDARD = gnu11;
				GCC_NO_COMMON_BLOCKS = YES;
				GCC_WARN_64_TO_32_BIT_CONVERSION = YES;
				GCC_WARN_ABOUT_RETURN_TYPE = YES_ERROR;
				GCC_WARN_UNDECLARED_SELECTOR = YES;
				GCC_WARN_UNINITIALIZED_AUTOS = YES_AGGRESSIVE;
				GCC_WARN_UNUSED_FUNCTION = YES;
				GCC_WARN_UNUSED_VARIABLE = YES;
				IPHONEOS_DEPLOYMENT_TARGET = 15.2;
				MTL_ENABLE_DEBUG_INFO = NO;
				MTL_FAST_MATH = YES;
				SDKROOT = iphoneos;
				SWIFT_COMPILATION_MODE = wholemodule;
				SWIFT_OPTIMIZATION_LEVEL = "-O";
				VALIDATE_PRODUCT = YES;
			};
			name = Release;
		};
		63304C2727CCB8E4003E4920 /* Debug */ = {
			isa = XCBuildConfiguration;
			buildSettings = {
				ASSETCATALOG_COMPILER_APPICON_NAME = AppIcon;
				ASSETCATALOG_COMPILER_GLOBAL_ACCENT_COLOR_NAME = AccentColor;
				CODE_SIGN_STYLE = Automatic;
				CURRENT_PROJECT_VERSION = 1;
				DEVELOPMENT_TEAM = WCJYEXZ524;
				GENERATE_INFOPLIST_FILE = YES;
				INFOPLIST_FILE = BLEDevice/Info.plist;
				INFOPLIST_KEY_NSBluetoothAlwaysUsageDescription = "Please Connect BLE";
				INFOPLIST_KEY_UIApplicationSupportsIndirectInputEvents = YES;
				INFOPLIST_KEY_UILaunchStoryboardName = LaunchScreen;
				INFOPLIST_KEY_UIMainStoryboardFile = Main;
				INFOPLIST_KEY_UISupportedInterfaceOrientations_iPad = "UIInterfaceOrientationPortrait UIInterfaceOrientationPortraitUpsideDown UIInterfaceOrientationLandscapeLeft UIInterfaceOrientationLandscapeRight";
				INFOPLIST_KEY_UISupportedInterfaceOrientations_iPhone = "UIInterfaceOrientationPortrait UIInterfaceOrientationLandscapeLeft UIInterfaceOrientationLandscapeRight";
				INFOPLIST_KEY_UIUserInterfaceStyle = Light;
				IPHONEOS_DEPLOYMENT_TARGET = 13.0;
				LD_RUNPATH_SEARCH_PATHS = (
					"$(inherited)",
					"@executable_path/Frameworks",
				);
				MARKETING_VERSION = 1.0;
				PRODUCT_BUNDLE_IDENTIFIER = com.BLEDevice;
				PRODUCT_NAME = "$(TARGET_NAME)";
				SWIFT_EMIT_LOC_STRINGS = YES;
				SWIFT_VERSION = 5.0;
				TARGETED_DEVICE_FAMILY = 1;
			};
			name = Debug;
		};
		63304C2827CCB8E4003E4920 /* Release */ = {
			isa = XCBuildConfiguration;
			buildSettings = {
				ASSETCATALOG_COMPILER_APPICON_NAME = AppIcon;
				ASSETCATALOG_COMPILER_GLOBAL_ACCENT_COLOR_NAME = AccentColor;
				CODE_SIGN_STYLE = Automatic;
				CURRENT_PROJECT_VERSION = 1;
				DEVELOPMENT_TEAM = WCJYEXZ524;
				GENERATE_INFOPLIST_FILE = YES;
				INFOPLIST_FILE = BLEDevice/Info.plist;
				INFOPLIST_KEY_NSBluetoothAlwaysUsageDescription = "Please Connect BLE";
				INFOPLIST_KEY_UIApplicationSupportsIndirectInputEvents = YES;
				INFOPLIST_KEY_UILaunchStoryboardName = LaunchScreen;
				INFOPLIST_KEY_UIMainStoryboardFile = Main;
				INFOPLIST_KEY_UISupportedInterfaceOrientations_iPad = "UIInterfaceOrientationPortrait UIInterfaceOrientationPortraitUpsideDown UIInterfaceOrientationLandscapeLeft UIInterfaceOrientationLandscapeRight";
				INFOPLIST_KEY_UISupportedInterfaceOrientations_iPhone = "UIInterfaceOrientationPortrait UIInterfaceOrientationLandscapeLeft UIInterfaceOrientationLandscapeRight";
				INFOPLIST_KEY_UIUserInterfaceStyle = Light;
				IPHONEOS_DEPLOYMENT_TARGET = 13.0;
				LD_RUNPATH_SEARCH_PATHS = (
					"$(inherited)",
					"@executable_path/Frameworks",
				);
				MARKETING_VERSION = 1.0;
				PRODUCT_BUNDLE_IDENTIFIER = com.BLEDevice;
				PRODUCT_NAME = "$(TARGET_NAME)";
				SWIFT_EMIT_LOC_STRINGS = YES;
				SWIFT_VERSION = 5.0;
				TARGETED_DEVICE_FAMILY = 1;
			};
			name = Release;
		};
/* End XCBuildConfiguration section */

/* Begin XCConfigurationList section */
		63304C0D27CCB8E4003E4920 /* Build configuration list for PBXProject "BLEDevice" */ = {
			isa = XCConfigurationList;
			buildConfigurations = (
				63304C2427CCB8E4003E4920 /* Debug */,
				63304C2527CCB8E4003E4920 /* Release */,
			);
			defaultConfigurationIsVisible = 0;
			defaultConfigurationName = Release;
		};
		63304C2627CCB8E4003E4920 /* Build configuration list for PBXNativeTarget "BLEDevice" */ = {
			isa = XCConfigurationList;
			buildConfigurations = (
				63304C2727CCB8E4003E4920 /* Debug */,
				63304C2827CCB8E4003E4920 /* Release */,
			);
			defaultConfigurationIsVisible = 0;
			defaultConfigurationName = Release;
		};
/* End XCConfigurationList section */
	};
	rootObject = 63304C0A27CCB8E4003E4920 /* Project object */;
}
